{
    "_readme": [
        "This file locks the dependencies of your project to a known state",
        "Read more about it at https://getcomposer.org/doc/01-basic-usage.md#composer-lock-the-lock-file",
        "This file is @generated automatically"
    ],
    "content-hash": "8a6db7f45e083d6f582cc8949facfebb",
    "packages": [],
    "packages-dev": [
        {
            "name": "consolidation/annotated-command",
            "version": "2.8.2",
            "source": {
                "type": "git",
                "url": "https://github.com/consolidation/annotated-command.git",
                "reference": "e97c38717eae23a2bafcf3f09438290eee6ebeb4"
            },
            "dist": {
                "type": "zip",
                "url": "https://api.github.com/repos/consolidation/annotated-command/zipball/e97c38717eae23a2bafcf3f09438290eee6ebeb4",
                "reference": "e97c38717eae23a2bafcf3f09438290eee6ebeb4",
                "shasum": ""
            },
            "require": {
                "consolidation/output-formatters": "^3.1.12",
                "php": ">=5.4.0",
                "psr/log": "^1",
                "symfony/console": "^2.8|^3|^4",
                "symfony/event-dispatcher": "^2.5|^3|^4",
                "symfony/finder": "^2.5|^3|^4"
            },
            "require-dev": {
                "phpunit/phpunit": "^4.8",
                "satooshi/php-coveralls": "^1.0.2 | dev-master",
                "squizlabs/php_codesniffer": "^2.7"
            },
            "type": "library",
            "extra": {
                "branch-alias": {
                    "dev-master": "2.x-dev"
                }
            },
            "autoload": {
                "psr-4": {
                    "Consolidation\\AnnotatedCommand\\": "src"
                }
            },
            "notification-url": "https://packagist.org/downloads/",
            "license": [
                "MIT"
            ],
            "authors": [
                {
                    "name": "Greg Anderson",
                    "email": "greg.1.anderson@greenknowe.org"
                }
            ],
            "description": "Initialize Symfony Console commands from annotated command class methods.",
            "time": "2017-11-29T16:23:23+00:00"
        },
        {
            "name": "consolidation/config",
            "version": "1.0.9",
            "source": {
                "type": "git",
                "url": "https://github.com/consolidation/config.git",
                "reference": "34ca8d7c1ee60a7b591b10617114cf1210a2e92c"
            },
            "dist": {
                "type": "zip",
                "url": "https://api.github.com/repos/consolidation/config/zipball/34ca8d7c1ee60a7b591b10617114cf1210a2e92c",
                "reference": "34ca8d7c1ee60a7b591b10617114cf1210a2e92c",
                "shasum": ""
            },
            "require": {
                "dflydev/dot-access-data": "^1.1.0",
                "grasmash/expander": "^1",
                "php": ">=5.4.0"
            },
            "require-dev": {
                "greg-1-anderson/composer-test-scenarios": "^1",
                "phpunit/phpunit": "^4",
                "satooshi/php-coveralls": "^1.0",
                "squizlabs/php_codesniffer": "2.*",
                "symfony/console": "^2.5|^3|^4",
                "symfony/yaml": "^2.8.11|^3|^4"
            },
            "suggest": {
                "symfony/yaml": "Required to use Consolidation\\Config\\Loader\\YamlConfigLoader"
            },
            "type": "library",
            "extra": {
                "branch-alias": {
                    "dev-master": "1.x-dev"
                }
            },
            "autoload": {
                "psr-4": {
                    "Consolidation\\Config\\": "src"
                }
            },
            "notification-url": "https://packagist.org/downloads/",
            "license": [
                "MIT"
            ],
            "authors": [
                {
                    "name": "Greg Anderson",
                    "email": "greg.1.anderson@greenknowe.org"
                }
            ],
            "description": "Provide configuration services for a commandline tool.",
            "time": "2017-12-22T17:28:19+00:00"
        },
        {
            "name": "consolidation/log",
            "version": "1.0.5",
            "source": {
                "type": "git",
                "url": "https://github.com/consolidation/log.git",
                "reference": "dbc7c535f319a4a2d5a5077738f8eb7c10df8821"
            },
            "dist": {
                "type": "zip",
                "url": "https://api.github.com/repos/consolidation/log/zipball/dbc7c535f319a4a2d5a5077738f8eb7c10df8821",
                "reference": "dbc7c535f319a4a2d5a5077738f8eb7c10df8821",
                "shasum": ""
            },
            "require": {
                "php": ">=5.5.0",
                "psr/log": "~1.0",
                "symfony/console": "^2.8|^3|^4"
            },
            "require-dev": {
                "phpunit/phpunit": "4.*",
                "satooshi/php-coveralls": "dev-master",
                "squizlabs/php_codesniffer": "2.*"
            },
            "type": "library",
            "extra": {
                "branch-alias": {
                    "dev-master": "1.x-dev"
                }
            },
            "autoload": {
                "psr-4": {
                    "Consolidation\\Log\\": "src"
                }
            },
            "notification-url": "https://packagist.org/downloads/",
            "license": [
                "MIT"
            ],
            "authors": [
                {
                    "name": "Greg Anderson",
                    "email": "greg.1.anderson@greenknowe.org"
                }
            ],
            "description": "Improved Psr-3 / Psr\\Log logger based on Symfony Console components.",
            "time": "2017-11-29T01:44:16+00:00"
        },
        {
            "name": "consolidation/output-formatters",
            "version": "3.1.13",
            "source": {
                "type": "git",
                "url": "https://github.com/consolidation/output-formatters.git",
                "reference": "3188461e965b32148c8fb85261833b2b72d34b8c"
            },
            "dist": {
                "type": "zip",
                "url": "https://api.github.com/repos/consolidation/output-formatters/zipball/3188461e965b32148c8fb85261833b2b72d34b8c",
                "reference": "3188461e965b32148c8fb85261833b2b72d34b8c",
                "shasum": ""
            },
            "require": {
                "php": ">=5.4.0",
                "symfony/console": "^2.8|^3|^4",
                "symfony/finder": "^2.5|^3|^4"
            },
            "require-dev": {
                "phpunit/phpunit": "^4.8",
                "satooshi/php-coveralls": "^1.0.2 | dev-master",
                "squizlabs/php_codesniffer": "^2.7",
                "victorjonsson/markdowndocs": "^1.3"
            },
            "type": "library",
            "extra": {
                "branch-alias": {
                    "dev-master": "3.x-dev"
                }
            },
            "autoload": {
                "psr-4": {
                    "Consolidation\\OutputFormatters\\": "src"
                }
            },
            "notification-url": "https://packagist.org/downloads/",
            "license": [
                "MIT"
            ],
            "authors": [
                {
                    "name": "Greg Anderson",
                    "email": "greg.1.anderson@greenknowe.org"
                }
            ],
            "description": "Format text by applying transformations provided by plug-in formatters.",
            "time": "2017-11-29T15:25:38+00:00"
        },
        {
            "name": "consolidation/robo",
            "version": "dev-master",
            "source": {
                "type": "git",
                "url": "https://github.com/consolidation/Robo.git",
                "reference": "81601ae9df4563608c0c5e9990dcf31328c3f6fc"
            },
            "dist": {
                "type": "zip",
                "url": "https://api.github.com/repos/consolidation/Robo/zipball/81601ae9df4563608c0c5e9990dcf31328c3f6fc",
                "reference": "81601ae9df4563608c0c5e9990dcf31328c3f6fc",
                "shasum": ""
            },
            "require": {
                "consolidation/annotated-command": "^2.8.2",
                "consolidation/config": "^1.0.1",
                "consolidation/log": "~1",
                "consolidation/output-formatters": "^3.1.13",
                "grasmash/yaml-expander": "^1.3",
                "league/container": "^2.2",
                "php": ">=5.5.0",
                "symfony/console": "^2.8|^3|^4",
                "symfony/event-dispatcher": "^2.5|^3|^4",
                "symfony/filesystem": "^2.5|^3|^4",
                "symfony/finder": "^2.5|^3|^4",
                "symfony/process": "^2.5|^3|^4"
            },
            "replace": {
                "codegyre/robo": "< 1.0"
            },
            "require-dev": {
                "codeception/aspect-mock": "^1|^2.1.1",
                "codeception/base": "^2.3.7",
                "codeception/verify": "^0.3.2",
                "greg-1-anderson/composer-test-scenarios": "^1",
                "natxet/cssmin": "3.0.4",
                "patchwork/jsqueeze": "~2",
                "pear/archive_tar": "^1.4.2",
                "phpunit/php-code-coverage": "~2|~4",
                "satooshi/php-coveralls": "^2",
                "squizlabs/php_codesniffer": "^2.8"
            },
            "suggest": {
                "henrikbjorn/lurker": "For monitoring filesystem changes in taskWatch",
                "natxet/CssMin": "For minifying CSS files in taskMinify",
                "patchwork/jsqueeze": "For minifying JS files in taskMinify",
                "pear/archive_tar": "Allows tar archives to be created and extracted in taskPack and taskExtract, respectively."
            },
            "bin": [
                "robo"
            ],
            "type": "library",
            "extra": {
                "branch-alias": {
                    "dev-master": "1.x-dev",
                    "dev-state": "1.x-dev"
                }
            },
            "autoload": {
                "psr-4": {
                    "Robo\\": "src"
                }
            },
            "notification-url": "https://packagist.org/downloads/",
            "license": [
                "MIT"
            ],
            "authors": [
                {
                    "name": "Davert",
                    "email": "davert.php@resend.cc"
                }
            ],
            "description": "Modern task runner",
            "time": "2018-01-02T22:48:03+00:00"
        },
        {
            "name": "container-interop/container-interop",
            "version": "1.2.0",
            "source": {
                "type": "git",
                "url": "https://github.com/container-interop/container-interop.git",
                "reference": "79cbf1341c22ec75643d841642dd5d6acd83bdb8"
            },
            "dist": {
                "type": "zip",
                "url": "https://api.github.com/repos/container-interop/container-interop/zipball/79cbf1341c22ec75643d841642dd5d6acd83bdb8",
                "reference": "79cbf1341c22ec75643d841642dd5d6acd83bdb8",
                "shasum": ""
            },
            "require": {
                "psr/container": "^1.0"
            },
            "type": "library",
            "autoload": {
                "psr-4": {
                    "Interop\\Container\\": "src/Interop/Container/"
                }
            },
            "notification-url": "https://packagist.org/downloads/",
            "license": [
                "MIT"
            ],
            "description": "Promoting the interoperability of container objects (DIC, SL, etc.)",
            "homepage": "https://github.com/container-interop/container-interop",
            "time": "2017-02-14T19:40:03+00:00"
        },
        {
            "name": "dflydev/dot-access-data",
            "version": "v1.1.0",
            "source": {
                "type": "git",
                "url": "https://github.com/dflydev/dflydev-dot-access-data.git",
                "reference": "3fbd874921ab2c041e899d044585a2ab9795df8a"
            },
            "dist": {
                "type": "zip",
                "url": "https://api.github.com/repos/dflydev/dflydev-dot-access-data/zipball/3fbd874921ab2c041e899d044585a2ab9795df8a",
                "reference": "3fbd874921ab2c041e899d044585a2ab9795df8a",
                "shasum": ""
            },
            "require": {
                "php": ">=5.3.2"
            },
            "type": "library",
            "extra": {
                "branch-alias": {
                    "dev-master": "1.0-dev"
                }
            },
            "autoload": {
                "psr-0": {
                    "Dflydev\\DotAccessData": "src"
                }
            },
            "notification-url": "https://packagist.org/downloads/",
            "license": [
                "MIT"
            ],
            "authors": [
                {
                    "name": "Dragonfly Development Inc.",
                    "email": "info@dflydev.com",
                    "homepage": "http://dflydev.com"
                },
                {
                    "name": "Beau Simensen",
                    "email": "beau@dflydev.com",
                    "homepage": "http://beausimensen.com"
                },
                {
                    "name": "Carlos Frutos",
                    "email": "carlos@kiwing.it",
                    "homepage": "https://github.com/cfrutos"
                }
            ],
            "description": "Given a deep data structure, access data by dot notation.",
            "homepage": "https://github.com/dflydev/dflydev-dot-access-data",
            "keywords": [
                "access",
                "data",
                "dot",
                "notation"
            ],
            "time": "2017-01-20T21:14:22+00:00"
        },
        {
            "name": "glpi-project/coding-standard",
            "version": "0.6",
            "source": {
                "type": "git",
                "url": "https://github.com/glpi-project/coding-standard.git",
                "reference": "66f7dd920c3572d8d4a03371997c3a635045f196"
            },
            "dist": {
                "type": "zip",
                "url": "https://api.github.com/repos/glpi-project/coding-standard/zipball/66f7dd920c3572d8d4a03371997c3a635045f196",
                "reference": "66f7dd920c3572d8d4a03371997c3a635045f196",
                "shasum": ""
            },
            "require": {
                "squizlabs/php_codesniffer": "~2.0"
            },
            "type": "library",
            "notification-url": "https://packagist.org/downloads/",
            "license": [
                "GPLv3"
            ],
            "authors": [
                {
                    "name": "Teclib'",
                    "email": "glpi@teclib.com",
                    "homepage": "https://teclib.com"
                }
            ],
            "description": "GLPI PHP CodeSniffer Coding Standard",
            "keywords": [
                "codesniffer",
                "glpi",
                "phpcs"
            ],
            "time": "2017-06-27T13:38:52+00:00"
        },
        {
            "name": "glpi-project/tools",
            "version": "0.1.3.1",
            "source": {
                "type": "git",
                "url": "https://github.com/glpi-project/tools.git",
                "reference": "a1b8b6a713d0a662ad4872cd2424877fd988acd4"
            },
            "dist": {
                "type": "zip",
                "url": "https://api.github.com/repos/glpi-project/tools/zipball/a1b8b6a713d0a662ad4872cd2424877fd988acd4",
                "reference": "a1b8b6a713d0a662ad4872cd2424877fd988acd4",
                "shasum": ""
            },
            "require": {
                "consolidation/robo": "dev-master@dev",
                "glpi-project/coding-standard": "0.6",
                "natxet/cssmin": "~3.0",
                "patchwork/jsqueeze": "~1.0"
            },
            "bin": [
                "tools/plugin-release",
                "tools/extract_template.sh",
                "tools/modify_headers.pl"
            ],
            "type": "library",
            "autoload": {
                "psr-4": {
                    "Glpi\\": "src/"
                }
            },
            "notification-url": "https://packagist.org/downloads/",
            "license": [
                "GPLv3"
            ],
            "authors": [
                {
                    "name": "Teclib'",
                    "email": "glpi@teclib.com",
                    "homepage": "http://teclib-group.com"
                }
            ],
            "description": "Various tools for GLPI and its plugins",
            "keywords": [
                "glpi",
                "plugins",
                "tools"
            ],
            "time": "2018-01-05T08:38:58+00:00"
        },
        {
            "name": "grasmash/expander",
            "version": "1.0.0",
            "source": {
                "type": "git",
                "url": "https://github.com/grasmash/expander.git",
                "reference": "95d6037344a4be1dd5f8e0b0b2571a28c397578f"
            },
            "dist": {
                "type": "zip",
                "url": "https://api.github.com/repos/grasmash/expander/zipball/95d6037344a4be1dd5f8e0b0b2571a28c397578f",
                "reference": "95d6037344a4be1dd5f8e0b0b2571a28c397578f",
                "shasum": ""
            },
            "require": {
                "dflydev/dot-access-data": "^1.1.0",
                "php": ">=5.4"
            },
            "require-dev": {
                "greg-1-anderson/composer-test-scenarios": "^1",
                "phpunit/phpunit": "^4|^5.5.4",
                "satooshi/php-coveralls": "^1.0.2|dev-master",
                "squizlabs/php_codesniffer": "^2.7"
            },
            "type": "library",
            "extra": {
                "branch-alias": {
                    "dev-master": "1.x-dev"
                }
            },
            "autoload": {
                "psr-4": {
                    "Grasmash\\Expander\\": "src/"
                }
            },
            "notification-url": "https://packagist.org/downloads/",
            "license": [
                "MIT"
            ],
            "authors": [
                {
                    "name": "Matthew Grasmick"
                }
            ],
            "description": "Expands internal property references in PHP arrays file.",
            "time": "2017-12-21T22:14:55+00:00"
        },
        {
            "name": "grasmash/yaml-expander",
            "version": "1.4.0",
            "source": {
                "type": "git",
                "url": "https://github.com/grasmash/yaml-expander.git",
                "reference": "3f0f6001ae707a24f4d9733958d77d92bf9693b1"
            },
            "dist": {
                "type": "zip",
                "url": "https://api.github.com/repos/grasmash/yaml-expander/zipball/3f0f6001ae707a24f4d9733958d77d92bf9693b1",
                "reference": "3f0f6001ae707a24f4d9733958d77d92bf9693b1",
                "shasum": ""
            },
            "require": {
                "dflydev/dot-access-data": "^1.1.0",
                "php": ">=5.4",
                "symfony/yaml": "^2.8.11|^3|^4"
            },
            "require-dev": {
                "greg-1-anderson/composer-test-scenarios": "^1",
                "phpunit/phpunit": "^4.8|^5.5.4",
                "satooshi/php-coveralls": "^1.0.2|dev-master",
                "squizlabs/php_codesniffer": "^2.7"
            },
            "type": "library",
            "extra": {
                "branch-alias": {
                    "dev-master": "1.x-dev"
                }
            },
            "autoload": {
                "psr-4": {
                    "Grasmash\\YamlExpander\\": "src/"
                }
            },
            "notification-url": "https://packagist.org/downloads/",
            "license": [
                "MIT"
            ],
            "authors": [
                {
                    "name": "Matthew Grasmick"
                }
            ],
            "description": "Expands internal property references in a yaml file.",
            "time": "2017-12-16T16:06:03+00:00"
        },
        {
            "name": "league/container",
            "version": "2.4.1",
            "source": {
                "type": "git",
                "url": "https://github.com/thephpleague/container.git",
                "reference": "43f35abd03a12977a60ffd7095efd6a7808488c0"
            },
            "dist": {
                "type": "zip",
                "url": "https://api.github.com/repos/thephpleague/container/zipball/43f35abd03a12977a60ffd7095efd6a7808488c0",
                "reference": "43f35abd03a12977a60ffd7095efd6a7808488c0",
                "shasum": ""
            },
            "require": {
                "container-interop/container-interop": "^1.2",
                "php": "^5.4.0 || ^7.0"
            },
            "provide": {
                "container-interop/container-interop-implementation": "^1.2",
                "psr/container-implementation": "^1.0"
            },
            "replace": {
                "orno/di": "~2.0"
            },
            "require-dev": {
                "phpunit/phpunit": "4.*"
            },
            "type": "library",
            "extra": {
                "branch-alias": {
                    "dev-2.x": "2.x-dev",
                    "dev-1.x": "1.x-dev"
                }
            },
            "autoload": {
                "psr-4": {
                    "League\\Container\\": "src"
                }
            },
            "notification-url": "https://packagist.org/downloads/",
            "license": [
                "MIT"
            ],
            "authors": [
                {
                    "name": "Phil Bennett",
                    "email": "philipobenito@gmail.com",
                    "homepage": "http://www.philipobenito.com",
                    "role": "Developer"
                }
            ],
            "description": "A fast and intuitive dependency injection container.",
            "homepage": "https://github.com/thephpleague/container",
            "keywords": [
                "container",
                "dependency",
                "di",
                "injection",
                "league",
                "provider",
                "service"
            ],
            "time": "2017-05-10T09:20:27+00:00"
        },
        {
            "name": "natxet/CssMin",
            "version": "v3.0.5",
            "source": {
                "type": "git",
                "url": "https://github.com/natxet/CssMin.git",
                "reference": "9580f5448f05a82c96cfe6c7063a77807d8ec56d"
            },
            "dist": {
                "type": "zip",
                "url": "https://api.github.com/repos/natxet/CssMin/zipball/9580f5448f05a82c96cfe6c7063a77807d8ec56d",
                "reference": "9580f5448f05a82c96cfe6c7063a77807d8ec56d",
                "shasum": ""
            },
            "require": {
                "php": ">=5.0"
            },
            "type": "library",
            "extra": {
                "branch-alias": {
                    "dev-master": "3.0-dev"
                }
            },
            "autoload": {
                "classmap": [
                    "src/"
                ]
            },
            "notification-url": "https://packagist.org/downloads/",
            "license": [
                "MIT"
            ],
            "authors": [
                {
                    "name": "Joe Scylla",
                    "email": "joe.scylla@gmail.com",
                    "homepage": "https://profiles.google.com/joe.scylla"
                }
            ],
            "description": "Minifying CSS",
            "homepage": "http://code.google.com/p/cssmin/",
            "keywords": [
                "css",
                "minify"
            ],
            "time": "2017-10-04T16:54:00+00:00"
        },
        {
            "name": "patchwork/jsqueeze",
            "version": "v1.0.7",
            "source": {
                "type": "git",
                "url": "https://github.com/tchwork/jsqueeze.git",
                "reference": "f90a933213534b93e4ff3c2c3026ff7458f7721b"
            },
            "dist": {
                "type": "zip",
                "url": "https://api.github.com/repos/tchwork/jsqueeze/zipball/f90a933213534b93e4ff3c2c3026ff7458f7721b",
                "reference": "f90a933213534b93e4ff3c2c3026ff7458f7721b",
                "shasum": ""
            },
            "require": {
                "php": ">=5.1.4"
            },
            "type": "library",
            "autoload": {
                "psr-0": {
                    "JSqueeze": "class/"
                }
            },
            "notification-url": "https://packagist.org/downloads/",
            "license": [
                "(Apache-2.0 or GPL-2.0)"
            ],
            "authors": [
                {
                    "name": "Nicolas Grekas",
                    "email": "p@tchwork.com"
                }
            ],
            "description": "Efficient JavaScript minification in PHP",
            "homepage": "https://github.com/tchwork/jsqueeze",
            "keywords": [
                "compression",
                "javascript",
                "minification"
            ],
            "time": "2015-03-25T10:11:08+00:00"
        },
        {
            "name": "psr/container",
            "version": "1.0.0",
            "source": {
                "type": "git",
                "url": "https://github.com/php-fig/container.git",
                "reference": "b7ce3b176482dbbc1245ebf52b181af44c2cf55f"
            },
            "dist": {
                "type": "zip",
                "url": "https://api.github.com/repos/php-fig/container/zipball/b7ce3b176482dbbc1245ebf52b181af44c2cf55f",
                "reference": "b7ce3b176482dbbc1245ebf52b181af44c2cf55f",
                "shasum": ""
            },
            "require": {
                "php": ">=5.3.0"
            },
            "type": "library",
            "extra": {
                "branch-alias": {
                    "dev-master": "1.0.x-dev"
                }
            },
            "autoload": {
                "psr-4": {
                    "Psr\\Container\\": "src/"
                }
            },
            "notification-url": "https://packagist.org/downloads/",
            "license": [
                "MIT"
            ],
            "authors": [
                {
                    "name": "PHP-FIG",
                    "homepage": "http://www.php-fig.org/"
                }
            ],
            "description": "Common Container Interface (PHP FIG PSR-11)",
            "homepage": "https://github.com/php-fig/container",
            "keywords": [
                "PSR-11",
                "container",
                "container-interface",
                "container-interop",
                "psr"
            ],
            "time": "2017-02-14T16:28:37+00:00"
        },
        {
            "name": "psr/log",
            "version": "1.0.2",
            "source": {
                "type": "git",
                "url": "https://github.com/php-fig/log.git",
                "reference": "4ebe3a8bf773a19edfe0a84b6585ba3d401b724d"
            },
            "dist": {
                "type": "zip",
                "url": "https://api.github.com/repos/php-fig/log/zipball/4ebe3a8bf773a19edfe0a84b6585ba3d401b724d",
                "reference": "4ebe3a8bf773a19edfe0a84b6585ba3d401b724d",
                "shasum": ""
            },
            "require": {
                "php": ">=5.3.0"
            },
            "type": "library",
            "extra": {
                "branch-alias": {
                    "dev-master": "1.0.x-dev"
                }
            },
            "autoload": {
                "psr-4": {
                    "Psr\\Log\\": "Psr/Log/"
                }
            },
            "notification-url": "https://packagist.org/downloads/",
            "license": [
                "MIT"
            ],
            "authors": [
                {
                    "name": "PHP-FIG",
                    "homepage": "http://www.php-fig.org/"
                }
            ],
            "description": "Common interface for logging libraries",
            "homepage": "https://github.com/php-fig/log",
            "keywords": [
                "log",
                "psr",
                "psr-3"
            ],
            "time": "2016-10-10T12:19:37+00:00"
        },
        {
            "name": "squizlabs/php_codesniffer",
            "version": "2.9.1",
            "source": {
                "type": "git",
                "url": "https://github.com/squizlabs/PHP_CodeSniffer.git",
                "reference": "dcbed1074f8244661eecddfc2a675430d8d33f62"
            },
            "dist": {
                "type": "zip",
                "url": "https://api.github.com/repos/squizlabs/PHP_CodeSniffer/zipball/dcbed1074f8244661eecddfc2a675430d8d33f62",
                "reference": "dcbed1074f8244661eecddfc2a675430d8d33f62",
                "shasum": ""
            },
            "require": {
                "ext-simplexml": "*",
                "ext-tokenizer": "*",
                "ext-xmlwriter": "*",
                "php": ">=5.1.2"
            },
            "require-dev": {
                "phpunit/phpunit": "~4.0"
            },
            "bin": [
                "scripts/phpcs",
                "scripts/phpcbf"
            ],
            "type": "library",
            "extra": {
                "branch-alias": {
                    "dev-master": "2.x-dev"
                }
            },
            "autoload": {
                "classmap": [
                    "CodeSniffer.php",
                    "CodeSniffer/CLI.php",
                    "CodeSniffer/Exception.php",
                    "CodeSniffer/File.php",
                    "CodeSniffer/Fixer.php",
                    "CodeSniffer/Report.php",
                    "CodeSniffer/Reporting.php",
                    "CodeSniffer/Sniff.php",
                    "CodeSniffer/Tokens.php",
                    "CodeSniffer/Reports/",
                    "CodeSniffer/Tokenizers/",
                    "CodeSniffer/DocGenerators/",
                    "CodeSniffer/Standards/AbstractPatternSniff.php",
                    "CodeSniffer/Standards/AbstractScopeSniff.php",
                    "CodeSniffer/Standards/AbstractVariableSniff.php",
                    "CodeSniffer/Standards/IncorrectPatternException.php",
                    "CodeSniffer/Standards/Generic/Sniffs/",
                    "CodeSniffer/Standards/MySource/Sniffs/",
                    "CodeSniffer/Standards/PEAR/Sniffs/",
                    "CodeSniffer/Standards/PSR1/Sniffs/",
                    "CodeSniffer/Standards/PSR2/Sniffs/",
                    "CodeSniffer/Standards/Squiz/Sniffs/",
                    "CodeSniffer/Standards/Zend/Sniffs/"
                ]
            },
            "notification-url": "https://packagist.org/downloads/",
            "license": [
                "BSD-3-Clause"
            ],
            "authors": [
                {
                    "name": "Greg Sherwood",
                    "role": "lead"
                }
            ],
            "description": "PHP_CodeSniffer tokenizes PHP, JavaScript and CSS files and detects violations of a defined set of coding standards.",
            "homepage": "http://www.squizlabs.com/php-codesniffer",
            "keywords": [
                "phpcs",
                "standards"
            ],
            "time": "2017-05-22T02:43:20+00:00"
        },
        {
            "name": "symfony/console",
            "version": "v4.0.2",
            "source": {
                "type": "git",
                "url": "https://github.com/symfony/console.git",
                "reference": "de8cf039eacdec59d83f7def67e3b8ff5ed46714"
            },
            "dist": {
                "type": "zip",
                "url": "https://api.github.com/repos/symfony/console/zipball/de8cf039eacdec59d83f7def67e3b8ff5ed46714",
                "reference": "de8cf039eacdec59d83f7def67e3b8ff5ed46714",
                "shasum": ""
            },
            "require": {
                "php": "^7.1.3",
                "symfony/polyfill-mbstring": "~1.0"
            },
            "conflict": {
                "symfony/dependency-injection": "<3.4",
                "symfony/process": "<3.3"
            },
            "require-dev": {
                "psr/log": "~1.0",
                "symfony/config": "~3.4|~4.0",
                "symfony/dependency-injection": "~3.4|~4.0",
                "symfony/event-dispatcher": "~3.4|~4.0",
                "symfony/lock": "~3.4|~4.0",
                "symfony/process": "~3.4|~4.0"
            },
            "suggest": {
                "psr/log": "For using the console logger",
                "symfony/event-dispatcher": "",
                "symfony/lock": "",
                "symfony/process": ""
            },
            "type": "library",
            "extra": {
                "branch-alias": {
                    "dev-master": "4.0-dev"
                }
            },
            "autoload": {
                "psr-4": {
                    "Symfony\\Component\\Console\\": ""
                },
                "exclude-from-classmap": [
                    "/Tests/"
                ]
            },
            "notification-url": "https://packagist.org/downloads/",
            "license": [
                "MIT"
            ],
            "authors": [
                {
                    "name": "Fabien Potencier",
                    "email": "fabien@symfony.com"
                },
                {
                    "name": "Symfony Community",
                    "homepage": "https://symfony.com/contributors"
                }
            ],
            "description": "Symfony Console Component",
            "homepage": "https://symfony.com",
            "time": "2017-12-14T19:48:22+00:00"
        },
        {
            "name": "symfony/event-dispatcher",
            "version": "v4.0.2",
            "source": {
                "type": "git",
                "url": "https://github.com/symfony/event-dispatcher.git",
                "reference": "d4face19ed8002eec8280bc1c5ec18130472bf43"
            },
            "dist": {
                "type": "zip",
                "url": "https://api.github.com/repos/symfony/event-dispatcher/zipball/d4face19ed8002eec8280bc1c5ec18130472bf43",
                "reference": "d4face19ed8002eec8280bc1c5ec18130472bf43",
                "shasum": ""
            },
            "require": {
                "php": "^7.1.3"
            },
            "conflict": {
                "symfony/dependency-injection": "<3.4"
            },
            "require-dev": {
                "psr/log": "~1.0",
                "symfony/config": "~3.4|~4.0",
                "symfony/dependency-injection": "~3.4|~4.0",
                "symfony/expression-language": "~3.4|~4.0",
                "symfony/stopwatch": "~3.4|~4.0"
            },
            "suggest": {
                "symfony/dependency-injection": "",
                "symfony/http-kernel": ""
            },
            "type": "library",
            "extra": {
                "branch-alias": {
                    "dev-master": "4.0-dev"
                }
            },
            "autoload": {
                "psr-4": {
                    "Symfony\\Component\\EventDispatcher\\": ""
                },
                "exclude-from-classmap": [
                    "/Tests/"
                ]
            },
            "notification-url": "https://packagist.org/downloads/",
            "license": [
                "MIT"
            ],
            "authors": [
                {
                    "name": "Fabien Potencier",
                    "email": "fabien@symfony.com"
                },
                {
                    "name": "Symfony Community",
                    "homepage": "https://symfony.com/contributors"
                }
            ],
            "description": "Symfony EventDispatcher Component",
            "homepage": "https://symfony.com",
            "time": "2017-12-14T19:48:22+00:00"
        },
        {
            "name": "symfony/filesystem",
            "version": "v4.0.2",
            "source": {
                "type": "git",
                "url": "https://github.com/symfony/filesystem.git",
                "reference": "8c2868641d0c4885eee9c12a89c2b695eb1985cd"
            },
            "dist": {
                "type": "zip",
                "url": "https://api.github.com/repos/symfony/filesystem/zipball/8c2868641d0c4885eee9c12a89c2b695eb1985cd",
                "reference": "8c2868641d0c4885eee9c12a89c2b695eb1985cd",
                "shasum": ""
            },
            "require": {
                "php": "^7.1.3"
            },
            "type": "library",
            "extra": {
                "branch-alias": {
                    "dev-master": "4.0-dev"
                }
            },
            "autoload": {
                "psr-4": {
                    "Symfony\\Component\\Filesystem\\": ""
                },
                "exclude-from-classmap": [
                    "/Tests/"
                ]
            },
            "notification-url": "https://packagist.org/downloads/",
            "license": [
                "MIT"
            ],
            "authors": [
                {
                    "name": "Fabien Potencier",
                    "email": "fabien@symfony.com"
                },
                {
                    "name": "Symfony Community",
                    "homepage": "https://symfony.com/contributors"
                }
            ],
            "description": "Symfony Filesystem Component",
            "homepage": "https://symfony.com",
            "time": "2017-12-14T19:48:22+00:00"
        },
        {
            "name": "symfony/finder",
            "version": "v4.0.2",
            "source": {
                "type": "git",
                "url": "https://github.com/symfony/finder.git",
                "reference": "c9cdda4dc4a3182d8d6daeebce4a25fef078ea4c"
            },
            "dist": {
                "type": "zip",
                "url": "https://api.github.com/repos/symfony/finder/zipball/c9cdda4dc4a3182d8d6daeebce4a25fef078ea4c",
                "reference": "c9cdda4dc4a3182d8d6daeebce4a25fef078ea4c",
                "shasum": ""
            },
            "require": {
                "php": "^7.1.3"
            },
            "type": "library",
            "extra": {
                "branch-alias": {
                    "dev-master": "4.0-dev"
                }
            },
            "autoload": {
                "psr-4": {
                    "Symfony\\Component\\Finder\\": ""
                },
                "exclude-from-classmap": [
                    "/Tests/"
                ]
            },
            "notification-url": "https://packagist.org/downloads/",
            "license": [
                "MIT"
            ],
            "authors": [
                {
                    "name": "Fabien Potencier",
                    "email": "fabien@symfony.com"
                },
                {
                    "name": "Symfony Community",
                    "homepage": "https://symfony.com/contributors"
                }
            ],
            "description": "Symfony Finder Component",
            "homepage": "https://symfony.com",
            "time": "2017-11-07T14:45:01+00:00"
        },
        {
            "name": "symfony/polyfill-mbstring",
            "version": "v1.6.0",
            "source": {
                "type": "git",
                "url": "https://github.com/symfony/polyfill-mbstring.git",
                "reference": "2ec8b39c38cb16674bbf3fea2b6ce5bf117e1296"
            },
            "dist": {
                "type": "zip",
                "url": "https://api.github.com/repos/symfony/polyfill-mbstring/zipball/2ec8b39c38cb16674bbf3fea2b6ce5bf117e1296",
                "reference": "2ec8b39c38cb16674bbf3fea2b6ce5bf117e1296",
                "shasum": ""
            },
            "require": {
                "php": ">=5.3.3"
            },
            "suggest": {
                "ext-mbstring": "For best performance"
            },
            "type": "library",
            "extra": {
                "branch-alias": {
                    "dev-master": "1.6-dev"
                }
            },
            "autoload": {
                "psr-4": {
                    "Symfony\\Polyfill\\Mbstring\\": ""
                },
                "files": [
                    "bootstrap.php"
                ]
            },
            "notification-url": "https://packagist.org/downloads/",
            "license": [
                "MIT"
            ],
            "authors": [
                {
                    "name": "Nicolas Grekas",
                    "email": "p@tchwork.com"
                },
                {
                    "name": "Symfony Community",
                    "homepage": "https://symfony.com/contributors"
                }
            ],
            "description": "Symfony polyfill for the Mbstring extension",
            "homepage": "https://symfony.com",
            "keywords": [
                "compatibility",
                "mbstring",
                "polyfill",
                "portable",
                "shim"
            ],
            "time": "2017-10-11T12:05:26+00:00"
        },
        {
            "name": "symfony/process",
            "version": "v4.0.2",
            "source": {
                "type": "git",
                "url": "https://github.com/symfony/process.git",
                "reference": "18d1953068e72262830bad593f0366fa62c93fb7"
            },
            "dist": {
                "type": "zip",
                "url": "https://api.github.com/repos/symfony/process/zipball/18d1953068e72262830bad593f0366fa62c93fb7",
                "reference": "18d1953068e72262830bad593f0366fa62c93fb7",
                "shasum": ""
            },
            "require": {
                "php": "^7.1.3"
            },
            "type": "library",
            "extra": {
                "branch-alias": {
                    "dev-master": "4.0-dev"
                }
            },
            "autoload": {
                "psr-4": {
                    "Symfony\\Component\\Process\\": ""
                },
                "exclude-from-classmap": [
                    "/Tests/"
                ]
            },
            "notification-url": "https://packagist.org/downloads/",
            "license": [
                "MIT"
            ],
            "authors": [
                {
                    "name": "Fabien Potencier",
                    "email": "fabien@symfony.com"
                },
                {
                    "name": "Symfony Community",
                    "homepage": "https://symfony.com/contributors"
                }
            ],
            "description": "Symfony Process Component",
            "homepage": "https://symfony.com",
            "time": "2017-12-14T19:48:22+00:00"
        },
        {
            "name": "symfony/yaml",
            "version": "v4.0.2",
            "source": {
                "type": "git",
                "url": "https://github.com/symfony/yaml.git",
                "reference": "a5ee52d155f06ad23b19eb63c31228ff56ad1116"
            },
            "dist": {
                "type": "zip",
                "url": "https://api.github.com/repos/symfony/yaml/zipball/a5ee52d155f06ad23b19eb63c31228ff56ad1116",
                "reference": "a5ee52d155f06ad23b19eb63c31228ff56ad1116",
                "shasum": ""
            },
            "require": {
                "php": "^7.1.3"
            },
            "conflict": {
                "symfony/console": "<3.4"
            },
            "require-dev": {
                "symfony/console": "~3.4|~4.0"
            },
            "suggest": {
                "symfony/console": "For validating YAML files using the lint command"
            },
            "type": "library",
            "extra": {
                "branch-alias": {
                    "dev-master": "4.0-dev"
                }
            },
            "autoload": {
                "psr-4": {
                    "Symfony\\Component\\Yaml\\": ""
                },
                "exclude-from-classmap": [
                    "/Tests/"
                ]
            },
            "notification-url": "https://packagist.org/downloads/",
            "license": [
                "MIT"
            ],
            "authors": [
                {
                    "name": "Fabien Potencier",
                    "email": "fabien@symfony.com"
                },
                {
                    "name": "Symfony Community",
                    "homepage": "https://symfony.com/contributors"
                }
            ],
            "description": "Symfony Yaml Component",
            "homepage": "https://symfony.com",
            "time": "2017-12-12T08:41:51+00:00"
        }
    ],
    "aliases": [],
    "minimum-stability": "dev",
    "stability-flags": [],
    "prefer-stable": true,
    "prefer-lowest": false,
    "platform": [],
    "platform-dev": []
}
